
Microsoft Visual Studio Solution File, Format Version 12.00
# Visual Studio Version 17
VisualStudioVersion = 17.5.002.0
MinimumVisualStudioVersion = 10.0.40219.1
Project("{9A19103F-16F7-4668-BE54-9A1E7A4F7556}") = "Sats", "Sats.csproj", "{E64F93F1-CF10-4E4F-83DB-514E3F570CBF}"
EndProject
Global
	GlobalSection(SolutionConfigurationPlatforms) = preSolution
		Debug|Any CPU = Debug|Any CPU
		Release|Any CPU = Release|Any CPU
	EndGlobalSection
	GlobalSection(ProjectConfigurationPlatforms) = postSolution
		{E64F93F1-CF10-4E4F-83DB-514E3F570CBF}.Debug|Any CPU.ActiveCfg = Debug|Any CPU
		{E64F93F1-CF10-4E4F-83DB-514E3F570CBF}.Debug|Any CPU.Build.0 = Debug|Any CPU
		{E64F93F1-CF10-4E4F-83DB-514E3F570CBF}.Release|Any CPU.ActiveCfg = Release|Any CPU
		{E64F93F1-CF10-4E4F-83DB-514E3F570CBF}.Release|Any CPU.Build.0 = Release|Any CPU
	EndGlobalSection
	GlobalSection(SolutionProperties) = preSolution
		HideSolutionNode = FALSE
	EndGlobalSection
	GlobalSection(ExtensibilityGlobals) = postSolution
		SolutionGuid = {19BA7344-8D3E-4A88-B17B-D2A112DE1334}
	EndGlobalSection
EndGlobal
